
Microsoft Visual Studio Solution File, Format Version 12.00
# Visual Studio Version 16
VisualStudioVersion = 16.0.30309.148
MinimumVisualStudioVersion = 10.0.40219.1
Project("{FAE04EC0-301F-11D3-BF4B-00C04F79EFBC}") = "SiGotvime (Web)", "SiGotvime (Web)\SiGotvime (Web).csproj", "{C991817B-A118-4CF0-95A5-14BC3BAA5FEF}"
EndProject
Project("{FAE04EC0-301F-11D3-BF4B-00C04F79EFBC}") = "SiGotvime.Data", "SiGotvime.Data\SiGotvime.Data.csproj", "{2AA6DF41-9C7E-405C-A800-9FF73C6F41C4}"
EndProject
Project("{FAE04EC0-301F-11D3-BF4B-00C04F79EFBC}") = "SiGotvime.Utilities", "SiGotvime.Utilities\SiGotvime.Utilities.csproj", "{982DA9A4-BBD6-4325-94BF-5D07ED1BD1C0}"
EndProject
Project("{FAE04EC0-301F-11D3-BF4B-00C04F79EFBC}") = "SiGotvime (Admin)", "SiGotvime (Admin)\SiGotvime (Admin).csproj", "{7D834FCD-5DDF-4527-BBCC-9B9B783FA1F2}"
EndProject
Global
	GlobalSection(SolutionConfigurationPlatforms) = preSolution
		Debug|Any CPU = Debug|Any CPU
		Release|Any CPU = Release|Any CPU
	EndGlobalSection
	GlobalSection(ProjectConfigurationPlatforms) = postSolution
		{C991817B-A118-4CF0-95A5-14BC3BAA5FEF}.Debug|Any CPU.ActiveCfg = Debug|Any CPU
		{C991817B-A118-4CF0-95A5-14BC3BAA5FEF}.Debug|Any CPU.Build.0 = Debug|Any CPU
		{C991817B-A118-4CF0-95A5-14BC3BAA5FEF}.Release|Any CPU.ActiveCfg = Release|Any CPU
		{C991817B-A118-4CF0-95A5-14BC3BAA5FEF}.Release|Any CPU.Build.0 = Release|Any CPU
		{2AA6DF41-9C7E-405C-A800-9FF73C6F41C4}.Debug|Any CPU.ActiveCfg = Debug|Any CPU
		{2AA6DF41-9C7E-405C-A800-9FF73C6F41C4}.Debug|Any CPU.Build.0 = Debug|Any CPU
		{2AA6DF41-9C7E-405C-A800-9FF73C6F41C4}.Release|Any CPU.ActiveCfg = Release|Any CPU
		{2AA6DF41-9C7E-405C-A800-9FF73C6F41C4}.Release|Any CPU.Build.0 = Release|Any CPU
		{982DA9A4-BBD6-4325-94BF-5D07ED1BD1C0}.Debug|Any CPU.ActiveCfg = Debug|Any CPU
		{982DA9A4-BBD6-4325-94BF-5D07ED1BD1C0}.Debug|Any CPU.Build.0 = Debug|Any CPU
		{982DA9A4-BBD6-4325-94BF-5D07ED1BD1C0}.Release|Any CPU.ActiveCfg = Release|Any CPU
		{982DA9A4-BBD6-4325-94BF-5D07ED1BD1C0}.Release|Any CPU.Build.0 = Release|Any CPU
		{7D834FCD-5DDF-4527-BBCC-9B9B783FA1F2}.Debug|Any CPU.ActiveCfg = Debug|Any CPU
		{7D834FCD-5DDF-4527-BBCC-9B9B783FA1F2}.Debug|Any CPU.Build.0 = Debug|Any CPU
		{7D834FCD-5DDF-4527-BBCC-9B9B783FA1F2}.Release|Any CPU.ActiveCfg = Release|Any CPU
		{7D834FCD-5DDF-4527-BBCC-9B9B783FA1F2}.Release|Any CPU.Build.0 = Release|Any CPU
	EndGlobalSection
	GlobalSection(SolutionProperties) = preSolution
		HideSolutionNode = FALSE
	EndGlobalSection
	GlobalSection(ExtensibilityGlobals) = postSolution
		SolutionGuid = {AC78F9B3-11D3-4943-BFC4-557821F8F8F9}
	EndGlobalSection
EndGlobal
